
Microsoft Visual Studio Solution File, Format Version 12.00
# Visual Studio 15
VisualStudioVersion = 15.0.28307.757
MinimumVisualStudioVersion = 10.0.40219.1
Project("{FAE04EC0-301F-11D3-BF4B-00C04F79EFBC}") = "TxtToWordProject", "TxtToWordProject\TxtToWordProject.csproj", "{F475AD88-25C5-4C43-9018-E11A9E091957}"
EndProject
Project("{FAE04EC0-301F-11D3-BF4B-00C04F79EFBC}") = "BookToXml", "BookToXml\BookToXml.csproj", "{AEB35D52-28A2-4468-A995-72BA702EA5C9}"
EndProject
Global
	GlobalSection(SolutionConfigurationPlatforms) = preSolution
		Debug|Any CPU = Debug|Any CPU
		Release|Any CPU = Release|Any CPU
	EndGlobalSection
	GlobalSection(ProjectConfigurationPlatforms) = postSolution
		{F475AD88-25C5-4C43-9018-E11A9E091957}.Debug|Any CPU.ActiveCfg = Debug|Any CPU
		{F475AD88-25C5-4C43-9018-E11A9E091957}.Debug|Any CPU.Build.0 = Debug|Any CPU
		{F475AD88-25C5-4C43-9018-E11A9E091957}.Release|Any CPU.ActiveCfg = Release|Any CPU
		{F475AD88-25C5-4C43-9018-E11A9E091957}.Release|Any CPU.Build.0 = Release|Any CPU
		{AEB35D52-28A2-4468-A995-72BA702EA5C9}.Debug|Any CPU.ActiveCfg = Debug|Any CPU
		{AEB35D52-28A2-4468-A995-72BA702EA5C9}.Debug|Any CPU.Build.0 = Debug|Any CPU
		{AEB35D52-28A2-4468-A995-72BA702EA5C9}.Release|Any CPU.ActiveCfg = Release|Any CPU
		{AEB35D52-28A2-4468-A995-72BA702EA5C9}.Release|Any CPU.Build.0 = Release|Any CPU
	EndGlobalSection
	GlobalSection(SolutionProperties) = preSolution
		HideSolutionNode = FALSE
	EndGlobalSection
	GlobalSection(ExtensibilityGlobals) = postSolution
		SolutionGuid = {F2B1BD75-C211-493A-86CC-D62B72F1060E}
	EndGlobalSection
EndGlobal
